
Microsoft Visual Studio Solution File, Format Version 12.00
# Visual Studio Version 17
VisualStudioVersion = 17.3.32825.248
MinimumVisualStudioVersion = 10.0.40219.1
Project("{9A19103F-16F7-4668-BE54-9A1E7A4F7556}") = "WinFormsBlink", "WinFormsBlink.csproj", "{9A7664CE-8491-4D8B-9888-D7F6BF721B1B}"
EndProject
Project("{9A19103F-16F7-4668-BE54-9A1E7A4F7556}") = "WebApiFaceCompare", "WebApiFaceCompare\WebApiFaceCompare.csproj", "{53309559-59B6-41F6-916B-2AD5DB813298}"
EndProject
Project("{FAE04EC0-301F-11D3-BF4B-00C04F79EFBC}") = "WinFormsScan", "WinFormsScan\WinFormsScan.csproj", "{B9883B1F-D61E-411E-BEF5-8F45514D88D9}"
EndProject
Global
	GlobalSection(SolutionConfigurationPlatforms) = preSolution
		Debug|Any CPU = Debug|Any CPU
		Release|Any CPU = Release|Any CPU
	EndGlobalSection
	GlobalSection(ProjectConfigurationPlatforms) = postSolution
		{9A7664CE-8491-4D8B-9888-D7F6BF721B1B}.Debug|Any CPU.ActiveCfg = Debug|Any CPU
		{9A7664CE-8491-4D8B-9888-D7F6BF721B1B}.Debug|Any CPU.Build.0 = Debug|Any CPU
		{9A7664CE-8491-4D8B-9888-D7F6BF721B1B}.Release|Any CPU.ActiveCfg = Release|Any CPU
		{9A7664CE-8491-4D8B-9888-D7F6BF721B1B}.Release|Any CPU.Build.0 = Release|Any CPU
		{53309559-59B6-41F6-916B-2AD5DB813298}.Debug|Any CPU.ActiveCfg = Debug|Any CPU
		{53309559-59B6-41F6-916B-2AD5DB813298}.Debug|Any CPU.Build.0 = Debug|Any CPU
		{53309559-59B6-41F6-916B-2AD5DB813298}.Release|Any CPU.ActiveCfg = Release|Any CPU
		{53309559-59B6-41F6-916B-2AD5DB813298}.Release|Any CPU.Build.0 = Release|Any CPU
		{B9883B1F-D61E-411E-BEF5-8F45514D88D9}.Debug|Any CPU.ActiveCfg = Debug|Any CPU
		{B9883B1F-D61E-411E-BEF5-8F45514D88D9}.Debug|Any CPU.Build.0 = Debug|Any CPU
		{B9883B1F-D61E-411E-BEF5-8F45514D88D9}.Release|Any CPU.ActiveCfg = Release|Any CPU
		{B9883B1F-D61E-411E-BEF5-8F45514D88D9}.Release|Any CPU.Build.0 = Release|Any CPU
	EndGlobalSection
	GlobalSection(SolutionProperties) = preSolution
		HideSolutionNode = FALSE
	EndGlobalSection
	GlobalSection(ExtensibilityGlobals) = postSolution
		SolutionGuid = {47C4F651-F297-4E13-8711-DADCDD16055E}
	EndGlobalSection
EndGlobal
